
Microsoft Visual Studio Solution File, Format Version 12.00
# Visual Studio Version 17
VisualStudioVersion = 17.0.31903.59
MinimumVisualStudioVersion = 10.0.40219.1
Project("{FAE04EC0-301F-11D3-BF4B-00C04F79EFBC}") = "API", "API\API.csproj", "{0C3EF1E1-86C3-4A55-8F04-571206970421}"
EndProject
Project("{FAE04EC0-301F-11D3-BF4B-00C04F79EFBC}") = "Application", "Application\Application.csproj", "{456D4A48-F24D-40F9-AB8A-2A927DA21736}"
EndProject
Project("{FAE04EC0-301F-11D3-BF4B-00C04F79EFBC}") = "Domain", "Domain\Domain.csproj", "{E4C39367-C61E-442C-9379-DB7199A7A343}"
EndProject
Project("{FAE04EC0-301F-11D3-BF4B-00C04F79EFBC}") = "Persistence", "Persistence\Persistence.csproj", "{F9BEC792-0FE4-4B27-B1D4-86CE199E798B}"
EndProject
Global
	GlobalSection(SolutionConfigurationPlatforms) = preSolution
		Debug|Any CPU = Debug|Any CPU
		Release|Any CPU = Release|Any CPU
	EndGlobalSection
	GlobalSection(SolutionProperties) = preSolution
		HideSolutionNode = FALSE
	EndGlobalSection
	GlobalSection(ProjectConfigurationPlatforms) = postSolution
		{0C3EF1E1-86C3-4A55-8F04-571206970421}.Debug|Any CPU.ActiveCfg = Debug|Any CPU
		{0C3EF1E1-86C3-4A55-8F04-571206970421}.Debug|Any CPU.Build.0 = Debug|Any CPU
		{0C3EF1E1-86C3-4A55-8F04-571206970421}.Release|Any CPU.ActiveCfg = Release|Any CPU
		{0C3EF1E1-86C3-4A55-8F04-571206970421}.Release|Any CPU.Build.0 = Release|Any CPU
		{456D4A48-F24D-40F9-AB8A-2A927DA21736}.Debug|Any CPU.ActiveCfg = Debug|Any CPU
		{456D4A48-F24D-40F9-AB8A-2A927DA21736}.Debug|Any CPU.Build.0 = Debug|Any CPU
		{456D4A48-F24D-40F9-AB8A-2A927DA21736}.Release|Any CPU.ActiveCfg = Release|Any CPU
		{456D4A48-F24D-40F9-AB8A-2A927DA21736}.Release|Any CPU.Build.0 = Release|Any CPU
		{E4C39367-C61E-442C-9379-DB7199A7A343}.Debug|Any CPU.ActiveCfg = Debug|Any CPU
		{E4C39367-C61E-442C-9379-DB7199A7A343}.Debug|Any CPU.Build.0 = Debug|Any CPU
		{E4C39367-C61E-442C-9379-DB7199A7A343}.Release|Any CPU.ActiveCfg = Release|Any CPU
		{E4C39367-C61E-442C-9379-DB7199A7A343}.Release|Any CPU.Build.0 = Release|Any CPU
		{F9BEC792-0FE4-4B27-B1D4-86CE199E798B}.Debug|Any CPU.ActiveCfg = Debug|Any CPU
		{F9BEC792-0FE4-4B27-B1D4-86CE199E798B}.Debug|Any CPU.Build.0 = Debug|Any CPU
		{F9BEC792-0FE4-4B27-B1D4-86CE199E798B}.Release|Any CPU.ActiveCfg = Release|Any CPU
		{F9BEC792-0FE4-4B27-B1D4-86CE199E798B}.Release|Any CPU.Build.0 = Release|Any CPU
	EndGlobalSection
EndGlobal
